// !$*UTF8*$!
{
	archiveVersion = 1;
	classes = {
	};
	objectVersion = 50;
	objects = {

/* Begin PBXBuildFile section */
		941CAA86219E1A4E0081F058 /* VocalidSdk.framework in Frameworks */ = {isa = PBXBuildFile; fileRef = 941CAA85219E1A4E0081F058 /* VocalidSdk.framework */; };
		9469A9A2219A0D82003311B8 /* AppDelegate.swift in Sources */ = {isa = PBXBuildFile; fileRef = 9469A9A1219A0D82003311B8 /* AppDelegate.swift */; };
		9469A9A7219A0D82003311B8 /* Main.storyboard in Resources */ = {isa = PBXBuildFile; fileRef = 9469A9A5219A0D82003311B8 /* Main.storyboard */; };
		9469A9A9219A0D83003311B8 /* Assets.xcassets in Resources */ = {isa = PBXBuildFile; fileRef = 9469A9A8219A0D83003311B8 /* Assets.xcassets */; };
		9469A9AC219A0D83003311B8 /* LaunchScreen.storyboard in Resources */ = {isa = PBXBuildFile; fileRef = 9469A9AA219A0D83003311B8 /* LaunchScreen.storyboard */; };
		9469A9CA219A0E05003311B8 /* SDKViewController.swift in Sources */ = {isa = PBXBuildFile; fileRef = 9469A9C9219A0E05003311B8 /* SDKViewController.swift */; };
		9469A9CC219A0E0A003311B8 /* VOCSDKExampleCell.swift in Sources */ = {isa = PBXBuildFile; fileRef = 9469A9CB219A0E09003311B8 /* VOCSDKExampleCell.swift */; };
/* End PBXBuildFile section */

/* Begin PBXCopyFilesBuildPhase section */
		94BD3066219C7EB700D3C25C /* Embed Frameworks */ = {
			isa = PBXCopyFilesBuildPhase;
			buildActionMask = 2147483647;
			dstPath = "";
			dstSubfolderSpec = 10;
			files = (
			);
			name = "Embed Frameworks";
			runOnlyForDeploymentPostprocessing = 0;
		};
/* End PBXCopyFilesBuildPhase section */

/* Begin PBXFileReference section */
		941CAA85219E1A4E0081F058 /* VocalidSdk.framework */ = {isa = PBXFileReference; lastKnownFileType = wrapper.framework; name = VocalidSdk.framework; path = Carthage/Build/iOS/VocalidSdk.framework; sourceTree = "<group>"; };
		9469A99E219A0D82003311B8 /* VocalidSdkDemoApp.app */ = {isa = PBXFileReference; explicitFileType = wrapper.application; includeInIndex = 0; path = VocalidSdkDemoApp.app; sourceTree = BUILT_PRODUCTS_DIR; };
		9469A9A1219A0D82003311B8 /* AppDelegate.swift */ = {isa = PBXFileReference; lastKnownFileType = sourcecode.swift; path = AppDelegate.swift; sourceTree = "<group>"; };
		9469A9A6219A0D82003311B8 /* Base */ = {isa = PBXFileReference; lastKnownFileType = file.storyboard; name = Base; path = Base.lproj/Main.storyboard; sourceTree = "<group>"; };
		9469A9A8219A0D83003311B8 /* Assets.xcassets */ = {isa = PBXFileReference; lastKnownFileType = folder.assetcatalog; path = Assets.xcassets; sourceTree = "<group>"; };
		9469A9AB219A0D83003311B8 /* Base */ = {isa = PBXFileReference; lastKnownFileType = file.storyboard; name = Base; path = Base.lproj/LaunchScreen.storyboard; sourceTree = "<group>"; };
		9469A9AD219A0D83003311B8 /* Info.plist */ = {isa = PBXFileReference; lastKnownFileType = text.plist.xml; path = Info.plist; sourceTree = "<group>"; };
		9469A9C9219A0E05003311B8 /* SDKViewController.swift */ = {isa = PBXFileReference; fileEncoding = 4; lastKnownFileType = sourcecode.swift; path = SDKViewController.swift; sourceTree = "<group>"; };
		9469A9CB219A0E09003311B8 /* VOCSDKExampleCell.swift */ = {isa = PBXFileReference; fileEncoding = 4; lastKnownFileType = sourcecode.swift; path = VOCSDKExampleCell.swift; sourceTree = "<group>"; };
/* End PBXFileReference section */

/* Begin PBXFrameworksBuildPhase section */
		9469A99B219A0D82003311B8 /* Frameworks */ = {
			isa = PBXFrameworksBuildPhase;
			buildActionMask = 2147483647;
			files = (
				941CAA86219E1A4E0081F058 /* VocalidSdk.framework in Frameworks */,
			);
			runOnlyForDeploymentPostprocessing = 0;
		};
/* End PBXFrameworksBuildPhase section */

/* Begin PBXGroup section */
		941CA9B8219E0EB20081F058 /* Frameworks */ = {
			isa = PBXGroup;
			children = (
				941CAA85219E1A4E0081F058 /* VocalidSdk.framework */,
			);
			name = Frameworks;
			sourceTree = "<group>";
		};
		9469A995219A0D82003311B8 = {
			isa = PBXGroup;
			children = (
				9469A9A0219A0D82003311B8 /* VocalidSdkDemoApp */,
				9469A99F219A0D82003311B8 /* Products */,
				941CA9B8219E0EB20081F058 /* Frameworks */,
			);
			sourceTree = "<group>";
		};
		9469A99F219A0D82003311B8 /* Products */ = {
			isa = PBXGroup;
			children = (
				9469A99E219A0D82003311B8 /* VocalidSdkDemoApp.app */,
			);
			name = Products;
			sourceTree = "<group>";
		};
		9469A9A0219A0D82003311B8 /* VocalidSdkDemoApp */ = {
			isa = PBXGroup;
			children = (
				9469A9A1219A0D82003311B8 /* AppDelegate.swift */,
				9469A9C9219A0E05003311B8 /* SDKViewController.swift */,
				9469A9CB219A0E09003311B8 /* VOCSDKExampleCell.swift */,
				9469A9A5219A0D82003311B8 /* Main.storyboard */,
				9469A9A8219A0D83003311B8 /* Assets.xcassets */,
				9469A9AA219A0D83003311B8 /* LaunchScreen.storyboard */,
				9469A9AD219A0D83003311B8 /* Info.plist */,
			);
			path = VocalidSdkDemoApp;
			sourceTree = "<group>";
		};
/* End PBXGroup section */

/* Begin PBXNativeTarget section */
		9469A99D219A0D82003311B8 /* VocalidSdkDemoApp */ = {
			isa = PBXNativeTarget;
			buildConfigurationList = 9469A9B0219A0D83003311B8 /* Build configuration list for PBXNativeTarget "VocalidSdkDemoApp" */;
			buildPhases = (
				9469A99A219A0D82003311B8 /* Sources */,
				9469A99B219A0D82003311B8 /* Frameworks */,
				9469A99C219A0D82003311B8 /* Resources */,
				94BD3066219C7EB700D3C25C /* Embed Frameworks */,
				941CAA87219E1A6D0081F058 /* ShellScript */,
			);
			buildRules = (
			);
			dependencies = (
			);
			name = VocalidSdkDemoApp;
			productName = VocalidSdkDemoApp;
			productReference = 9469A99E219A0D82003311B8 /* VocalidSdkDemoApp.app */;
			productType = "com.apple.product-type.application";
		};
/* End PBXNativeTarget section */

/* Begin PBXProject section */
		9469A996219A0D82003311B8 /* Project object */ = {
			isa = PBXProject;
			attributes = {
				LastSwiftUpdateCheck = 1010;
				LastUpgradeCheck = 1010;
				ORGANIZATIONNAME = VocaliD;
				TargetAttributes = {
					9469A99D219A0D82003311B8 = {
						CreatedOnToolsVersion = 10.1;
					};
				};
			};
			buildConfigurationList = 9469A999219A0D82003311B8 /* Build configuration list for PBXProject "VocalidSdkDemoApp" */;
			compatibilityVersion = "Xcode 9.3";
			developmentRegion = en;
			hasScannedForEncodings = 0;
			knownRegions = (
				en,
				Base,
			);
			mainGroup = 9469A995219A0D82003311B8;
			productRefGroup = 9469A99F219A0D82003311B8 /* Products */;
			projectDirPath = "";
			projectRoot = "";
			targets = (
				9469A99D219A0D82003311B8 /* VocalidSdkDemoApp */,
			);
		};
/* End PBXProject section */

/* Begin PBXResourcesBuildPhase section */
		9469A99C219A0D82003311B8 /* Resources */ = {
			isa = PBXResourcesBuildPhase;
			buildActionMask = 2147483647;
			files = (
				9469A9AC219A0D83003311B8 /* LaunchScreen.storyboard in Resources */,
				9469A9A9219A0D83003311B8 /* Assets.xcassets in Resources */,
				9469A9A7219A0D82003311B8 /* Main.storyboard in Resources */,
			);
			runOnlyForDeploymentPostprocessing = 0;
		};
/* End PBXResourcesBuildPhase section */

/* Begin PBXShellScriptBuildPhase section */
		941CAA87219E1A6D0081F058 /* ShellScript */ = {
			isa = PBXShellScriptBuildPhase;
			buildActionMask = 2147483647;
			files = (
			);
			inputFileListPaths = (
			);
			inputPaths = (
				"$(SRCROOT)/Carthage/Build/iOS/VocalidSdk.framework",
			);
			outputFileListPaths = (
			);
			outputPaths = (
				"$(BUILT_PRODUCTS_DIR)/$(FRAMEWORKS_FOLDER_PATH)/VocalidSdk.framework",
			);
			runOnlyForDeploymentPostprocessing = 0;
			shellPath = /bin/sh;
			shellScript = "/usr/local/bin/carthage copy-frameworks\n";
		};
/* End PBXShellScriptBuildPhase section */

/* Begin PBXSourcesBuildPhase section */
		9469A99A219A0D82003311B8 /* Sources */ = {
			isa = PBXSourcesBuildPhase;
			buildActionMask = 2147483647;
			files = (
				9469A9CC219A0E0A003311B8 /* VOCSDKExampleCell.swift in Sources */,
				9469A9CA219A0E05003311B8 /* SDKViewController.swift in Sources */,
				9469A9A2219A0D82003311B8 /* AppDelegate.swift in Sources */,
			);
			runOnlyForDeploymentPostprocessing = 0;
		};
/* End PBXSourcesBuildPhase section */

/* Begin PBXVariantGroup section */
		9469A9A5219A0D82003311B8 /* Main.storyboard */ = {
			isa = PBXVariantGroup;
			children = (
				9469A9A6219A0D82003311B8 /* Base */,
			);
			name = Main.storyboard;
			sourceTree = "<group>";
		};
		9469A9AA219A0D83003311B8 /* LaunchScreen.storyboard */ = {
			isa = PBXVariantGroup;
			children = (
				9469A9AB219A0D83003311B8 /* Base */,
			);
			name = LaunchScreen.storyboard;
			sourceTree = "<group>";
		};
/* End PBXVariantGroup section */

/* Begin XCBuildConfiguration section */
		9469A9AE219A0D83003311B8 /* Debug */ = {
			isa = XCBuildConfiguration;
			buildSettings = {
				ALWAYS_SEARCH_USER_PATHS = NO;
				CLANG_ANALYZER_NONNULL = YES;
				CLANG_ANALYZER_NUMBER_OBJECT_CONVERSION = YES_AGGRESSIVE;
				CLANG_CXX_LANGUAGE_STANDARD = "gnu++14";
				CLANG_CXX_LIBRARY = "libc++";
				CLANG_ENABLE_MODULES = YES;
				CLANG_ENABLE_OBJC_ARC = YES;
				CLANG_ENABLE_OBJC_WEAK = YES;
				CLANG_WARN_BLOCK_CAPTURE_AUTORELEASING = YES;
				CLANG_WARN_BOOL_CONVERSION = YES;
				CLANG_WARN_COMMA = YES;
				CLANG_WARN_CONSTANT_CONVERSION = YES;
				CLANG_WARN_DEPRECATED_OBJC_IMPLEMENTATIONS = YES;
				CLANG_WARN_DIRECT_OBJC_ISA_USAGE = YES_ERROR;
				CLANG_WARN_DOCUMENTATION_COMMENTS = YES;
				CLANG_WARN_EMPTY_BODY = YES;
				CLANG_WARN_ENUM_CONVERSION = YES;
				CLANG_WARN_INFINITE_RECURSION = YES;
				CLANG_WARN_INT_CONVERSION = YES;
				CLANG_WARN_NON_LITERAL_NULL_CONVERSION = YES;
				CLANG_WARN_OBJC_IMPLICIT_RETAIN_SELF = YES;
				CLANG_WARN_OBJC_LITERAL_CONVERSION = YES;
				CLANG_WARN_OBJC_ROOT_CLASS = YES_ERROR;
				CLANG_WARN_RANGE_LOOP_ANALYSIS = YES;
				CLANG_WARN_STRICT_PROTOTYPES = YES;
				CLANG_WARN_SUSPICIOUS_MOVE = YES;
				CLANG_WARN_UNGUARDED_AVAILABILITY = YES_AGGRESSIVE;
				CLANG_WARN_UNREACHABLE_CODE = YES;
				CLANG_WARN__DUPLICATE_METHOD_MATCH = YES;
				CODE_SIGN_IDENTITY = "iPhone Developer";
				COPY_PHASE_STRIP = NO;
				DEBUG_INFORMATION_FORMAT = dwarf;
				ENABLE_STRICT_OBJC_MSGSEND = YES;
				ENABLE_TESTABILITY = YES;
				GCC_C_LANGUAGE_STANDARD = gnu11;
				GCC_DYNAMIC_NO_PIC = NO;
				GCC_NO_COMMON_BLOCKS = YES;
				GCC_OPTIMIZATION_LEVEL = 0;
				GCC_PREPROCESSOR_DEFINITIONS = (
					"DEBUG=1",
					"$(inherited)",
				);
				GCC_WARN_64_TO_32_BIT_CONVERSION = YES;
				GCC_WARN_ABOUT_RETURN_TYPE = YES_ERROR;
				GCC_WARN_UNDECLARED_SELECTOR = YES;
				GCC_WARN_UNINITIALIZED_AUTOS = YES_AGGRESSIVE;
				GCC_WARN_UNUSED_FUNCTION = YES;
				GCC_WARN_UNUSED_VARIABLE = YES;
				IPHONEOS_DEPLOYMENT_TARGET = 12.1;
				MTL_ENABLE_DEBUG_INFO = INCLUDE_SOURCE;
				MTL_FAST_MATH = YES;
				ONLY_ACTIVE_ARCH = YES;
				SDKROOT = iphoneos;
				SWIFT_ACTIVE_COMPILATION_CONDITIONS = DEBUG;
				SWIFT_OPTIMIZATION_LEVEL = "-Onone";
			};
			name = Debug;
		};
		9469A9AF219A0D83003311B8 /* Release */ = {
			isa = XCBuildConfiguration;
			buildSettings = {
				ALWAYS_SEARCH_USER_PATHS = NO;
				CLANG_ANALYZER_NONNULL = YES;
				CLANG_ANALYZER_NUMBER_OBJECT_CONVERSION = YES_AGGRESSIVE;
				CLANG_CXX_LANGUAGE_STANDARD = "gnu++14";
				CLANG_CXX_LIBRARY = "libc++";
				CLANG_ENABLE_MODULES = YES;
				CLANG_ENABLE_OBJC_ARC = YES;
				CLANG_ENABLE_OBJC_WEAK = YES;
				CLANG_WARN_BLOCK_CAPTURE_AUTORELEASING = YES;
				CLANG_WARN_BOOL_CONVERSION = YES;
				CLANG_WARN_COMMA = YES;
				CLANG_WARN_CONSTANT_CONVERSION = YES;
				CLANG_WARN_DEPRECATED_OBJC_IMPLEMENTATIONS = YES;
				CLANG_WARN_DIRECT_OBJC_ISA_USAGE = YES_ERROR;
				CLANG_WARN_DOCUMENTATION_COMMENTS = YES;
				CLANG_WARN_EMPTY_BODY = YES;
				CLANG_WARN_ENUM_CONVERSION = YES;
				CLANG_WARN_INFINITE_RECURSION = YES;
				CLANG_WARN_INT_CONVERSION = YES;
				CLANG_WARN_NON_LITERAL_NULL_CONVERSION = YES;
				CLANG_WARN_OBJC_IMPLICIT_RETAIN_SELF = YES;
				CLANG_WARN_OBJC_LITERAL_CONVERSION = YES;
				CLANG_WARN_OBJC_ROOT_CLASS = YES_ERROR;
				CLANG_WARN_RANGE_LOOP_ANALYSIS = YES;
				CLANG_WARN_STRICT_PROTOTYPES = YES;
				CLANG_WARN_SUSPICIOUS_MOVE = YES;
				CLANG_WARN_UNGUARDED_AVAILABILITY = YES_AGGRESSIVE;
				CLANG_WARN_UNREACHABLE_CODE = YES;
				CLANG_WARN__DUPLICATE_METHOD_MATCH = YES;
				CODE_SIGN_IDENTITY = "iPhone Developer";
				COPY_PHASE_STRIP = NO;
				DEBUG_INFORMATION_FORMAT = "dwarf-with-dsym";
				ENABLE_NS_ASSERTIONS = NO;
				ENABLE_STRICT_OBJC_MSGSEND = YES;
				GCC_C_LANGUAGE_STANDARD = gnu11;
				GCC_NO_COMMON_BLOCKS = YES;
				GCC_WARN_64_TO_32_BIT_CONVERSION = YES;
				GCC_WARN_ABOUT_RETURN_TYPE = YES_ERROR;
				GCC_WARN_UNDECLARED_SELECTOR = YES;
				GCC_WARN_UNINITIALIZED_AUTOS = YES_AGGRESSIVE;
				GCC_WARN_UNUSED_FUNCTION = YES;
				GCC_WARN_UNUSED_VARIABLE = YES;
				IPHONEOS_DEPLOYMENT_TARGET = 12.1;
				MTL_ENABLE_DEBUG_INFO = NO;
				MTL_FAST_MATH = YES;
				SDKROOT = iphoneos;
				SWIFT_COMPILATION_MODE = wholemodule;
				SWIFT_OPTIMIZATION_LEVEL = "-O";
				VALIDATE_PRODUCT = YES;
			};
			name = Release;
		};
		9469A9B1219A0D83003311B8 /* Debug */ = {
			isa = XCBuildConfiguration;
			buildSettings = {
				ASSETCATALOG_COMPILER_APPICON_NAME = AppIcon;
				CODE_SIGN_STYLE = Automatic;
				DEVELOPMENT_TEAM = 7BL3D99USN;
				FRAMEWORK_SEARCH_PATHS = (
					"$(inherited)",
					"$(PROJECT_DIR)/Carthage/Build/iOS",
				);
				INFOPLIST_FILE = VocalidSdkDemoApp/Info.plist;
				LD_RUNPATH_SEARCH_PATHS = (
					"$(inherited)",
					"@executable_path/Frameworks",
				);
				PRODUCT_BUNDLE_IDENTIFIER = co.vocalid.VocalidSdkDemoApp;
				PRODUCT_NAME = "$(TARGET_NAME)";
				SWIFT_VERSION = 4.2;
				TARGETED_DEVICE_FAMILY = "1,2";
			};
			name = Debug;
		};
		9469A9B2219A0D83003311B8 /* Release */ = {
			isa = XCBuildConfiguration;
			buildSettings = {
				ASSETCATALOG_COMPILER_APPICON_NAME = AppIcon;
				CODE_SIGN_STYLE = Automatic;
				DEVELOPMENT_TEAM = 7BL3D99USN;
				FRAMEWORK_SEARCH_PATHS = (
					"$(inherited)",
					"$(PROJECT_DIR)/Carthage/Build/iOS",
				);
				INFOPLIST_FILE = VocalidSdkDemoApp/Info.plist;
				LD_RUNPATH_SEARCH_PATHS = (
					"$(inherited)",
					"@executable_path/Frameworks",
				);
				PRODUCT_BUNDLE_IDENTIFIER = co.vocalid.VocalidSdkDemoApp;
				PRODUCT_NAME = "$(TARGET_NAME)";
				SWIFT_VERSION = 4.2;
				TARGETED_DEVICE_FAMILY = "1,2";
			};
			name = Release;
		};
/* End XCBuildConfiguration section */

/* Begin XCConfigurationList section */
		9469A999219A0D82003311B8 /* Build configuration list for PBXProject "VocalidSdkDemoApp" */ = {
			isa = XCConfigurationList;
			buildConfigurations = (
				9469A9AE219A0D83003311B8 /* Debug */,
				9469A9AF219A0D83003311B8 /* Release */,
			);
			defaultConfigurationIsVisible = 0;
			defaultConfigurationName = Release;
		};
		9469A9B0219A0D83003311B8 /* Build configuration list for PBXNativeTarget "VocalidSdkDemoApp" */ = {
			isa = XCConfigurationList;
			buildConfigurations = (
				9469A9B1219A0D83003311B8 /* Debug */,
				9469A9B2219A0D83003311B8 /* Release */,
			);
			defaultConfigurationIsVisible = 0;
			defaultConfigurationName = Release;
		};
/* End XCConfigurationList section */
	};
	rootObject = 9469A996219A0D82003311B8 /* Project object */;
}
